// !$*UTF8*$!
{
	archiveVersion = 1;
	classes = {
	};
	objectVersion = 77;
	objects = {

/* Begin PBXContainerItemProxy section */
		475AD6B02D7531360078C1E0 /* PBXContainerItemProxy */ = {
			isa = PBXContainerItemProxy;
			containerPortal = 475AD6972D7531350078C1E0 /* Project object */;
			proxyType = 1;
			remoteGlobalIDString = 475AD69E2D7531350078C1E0;
			remoteInfo = "swift-test-proj";
		};
		475AD6BA2D7531360078C1E0 /* PBXContainerItemProxy */ = {
			isa = PBXContainerItemProxy;
			containerPortal = 475AD6972D7531350078C1E0 /* Project object */;
			proxyType = 1;
			remoteGlobalIDString = 475AD69E2D7531350078C1E0;
			remoteInfo = "swift-test-proj";
		};
/* End PBXContainerItemProxy section */

/* Begin PBXFileReference section */
		475AD69F2D7531350078C1E0 /* swift-test-proj.app */ = {isa = PBXFileReference; explicitFileType = wrapper.application; includeInIndex = 0; path = "swift-test-proj.app"; sourceTree = BUILT_PRODUCTS_DIR; };
		475AD6AF2D7531360078C1E0 /* swift-test-projTests.xctest */ = {isa = PBXFileReference; explicitFileType = wrapper.cfbundle; includeInIndex = 0; path = "swift-test-projTests.xctest"; sourceTree = BUILT_PRODUCTS_DIR; };
		475AD6B92D7531360078C1E0 /* swift-test-projUITests.xctest */ = {isa = PBXFileReference; explicitFileType = wrapper.cfbundle; includeInIndex = 0; path = "swift-test-projUITests.xctest"; sourceTree = BUILT_PRODUCTS_DIR; };
/* End PBXFileReference section */

/* Begin PBXFileSystemSynchronizedRootGroup section */
		475AD6A12D7531350078C1E0 /* swift-test-proj */ = {
			isa = PBXFileSystemSynchronizedRootGroup;
			path = "swift-test-proj";
			sourceTree = "<group>";
		};
		475AD6B22D7531360078C1E0 /* swift-test-projTests */ = {
			isa = PBXFileSystemSynchronizedRootGroup;
			path = "swift-test-projTests";
			sourceTree = "<group>";
		};
		475AD6BC2D7531360078C1E0 /* swift-test-projUITests */ = {
			isa = PBXFileSystemSynchronizedRootGroup;
			path = "swift-test-projUITests";
			sourceTree = "<group>";
		};
/* End PBXFileSystemSynchronizedRootGroup section */

/* Begin PBXFrameworksBuildPhase section */
		475AD69C2D7531350078C1E0 /* Frameworks */ = {
			isa = PBXFrameworksBuildPhase;
			buildActionMask = 2147483647;
			files = (
			);
			runOnlyForDeploymentPostprocessing = 0;
		};
		475AD6AC2D7531360078C1E0 /* Frameworks */ = {
			isa = PBXFrameworksBuildPhase;
			buildActionMask = 2147483647;
			files = (
			);
			runOnlyForDeploymentPostprocessing = 0;
		};
		475AD6B62D7531360078C1E0 /* Frameworks */ = {
			isa = PBXFrameworksBuildPhase;
			buildActionMask = 2147483647;
			files = (
			);
			runOnlyForDeploymentPostprocessing = 0;
		};
/* End PBXFrameworksBuildPhase section */

/* Begin PBXGroup section */
		475AD6962D7531350078C1E0 = {
			isa = PBXGroup;
			children = (
				475AD6A12D7531350078C1E0 /* swift-test-proj */,
				475AD6B22D7531360078C1E0 /* swift-test-projTests */,
				475AD6BC2D7531360078C1E0 /* swift-test-projUITests */,
				475AD6A02D7531350078C1E0 /* Products */,
			);
			sourceTree = "<group>";
		};
		475AD6A02D7531350078C1E0 /* Products */ = {
			isa = PBXGroup;
			children = (
				475AD69F2D7531350078C1E0 /* swift-test-proj.app */,
				475AD6AF2D7531360078C1E0 /* swift-test-projTests.xctest */,
				475AD6B92D7531360078C1E0 /* swift-test-projUITests.xctest */,
			);
			name = Products;
			sourceTree = "<group>";
		};
/* End PBXGroup section */

/* Begin PBXNativeTarget section */
		475AD69E2D7531350078C1E0 /* swift-test-proj */ = {
			isa = PBXNativeTarget;
			buildConfigurationList = 475AD6C32D7531360078C1E0 /* Build configuration list for PBXNativeTarget "swift-test-proj" */;
			buildPhases = (
				475AD69B2D7531350078C1E0 /* Sources */,
				475AD69C2D7531350078C1E0 /* Frameworks */,
				475AD69D2D7531350078C1E0 /* Resources */,
			);
			buildRules = (
			);
			dependencies = (
			);
			fileSystemSynchronizedGroups = (
				475AD6A12D7531350078C1E0 /* swift-test-proj */,
			);
			name = "swift-test-proj";
			packageProductDependencies = (
			);
			productName = "swift-test-proj";
			productReference = 475AD69F2D7531350078C1E0 /* swift-test-proj.app */;
			productType = "com.apple.product-type.application";
		};
		475AD6AE2D7531360078C1E0 /* swift-test-projTests */ = {
			isa = PBXNativeTarget;
			buildConfigurationList = 475AD6C62D7531360078C1E0 /* Build configuration list for PBXNativeTarget "swift-test-projTests" */;
			buildPhases = (
				475AD6AB2D7531360078C1E0 /* Sources */,
				475AD6AC2D7531360078C1E0 /* Frameworks */,
				475AD6AD2D7531360078C1E0 /* Resources */,
			);
			buildRules = (
			);
			dependencies = (
				475AD6B12D7531360078C1E0 /* PBXTargetDependency */,
			);
			fileSystemSynchronizedGroups = (
				475AD6B22D7531360078C1E0 /* swift-test-projTests */,
			);
			name = "swift-test-projTests";
			packageProductDependencies = (
			);
			productName = "swift-test-projTests";
			productReference = 475AD6AF2D7531360078C1E0 /* swift-test-projTests.xctest */;
			productType = "com.apple.product-type.bundle.unit-test";
		};
		475AD6B82D7531360078C1E0 /* swift-test-projUITests */ = {
			isa = PBXNativeTarget;
			buildConfigurationList = 475AD6C92D7531360078C1E0 /* Build configuration list for PBXNativeTarget "swift-test-projUITests" */;
			buildPhases = (
				475AD6B52D7531360078C1E0 /* Sources */,
				475AD6B62D7531360078C1E0 /* Frameworks */,
				475AD6B72D7531360078C1E0 /* Resources */,
			);
			buildRules = (
			);
			dependencies = (
				475AD6BB2D7531360078C1E0 /* PBXTargetDependency */,
			);
			fileSystemSynchronizedGroups = (
				475AD6BC2D7531360078C1E0 /* swift-test-projUITests */,
			);
			name = "swift-test-projUITests";
			packageProductDependencies = (
			);
			productName = "swift-test-projUITests";
			productReference = 475AD6B92D7531360078C1E0 /* swift-test-projUITests.xctest */;
			productType = "com.apple.product-type.bundle.ui-testing";
		};
/* End PBXNativeTarget section */

/* Begin PBXProject section */
		475AD6972D7531350078C1E0 /* Project object */ = {
			isa = PBXProject;
			attributes = {
				BuildIndependentTargetsInParallel = 1;
				LastSwiftUpdateCheck = 1620;
				LastUpgradeCheck = 1620;
				TargetAttributes = {
					475AD69E2D7531350078C1E0 = {
						CreatedOnToolsVersion = 16.2;
					};
					475AD6AE2D7531360078C1E0 = {
						CreatedOnToolsVersion = 16.2;
						TestTargetID = 475AD69E2D7531350078C1E0;
					};
					475AD6B82D7531360078C1E0 = {
						CreatedOnToolsVersion = 16.2;
						TestTargetID = 475AD69E2D7531350078C1E0;
					};
				};
			};
			buildConfigurationList = 475AD69A2D7531350078C1E0 /* Build configuration list for PBXProject "swift-test-proj" */;
			developmentRegion = en;
			hasScannedForEncodings = 0;
			knownRegions = (
				en,
				Base,
			);
			mainGroup = 475AD6962D7531350078C1E0;
			minimizedProjectReferenceProxies = 1;
			preferredProjectObjectVersion = 77;
			productRefGroup = 475AD6A02D7531350078C1E0 /* Products */;
			projectDirPath = "";
			projectRoot = "";
			targets = (
				475AD69E2D7531350078C1E0 /* swift-test-proj */,
				475AD6AE2D7531360078C1E0 /* swift-test-projTests */,
				475AD6B82D7531360078C1E0 /* swift-test-projUITests */,
			);
		};
/* End PBXProject section */

/* Begin PBXResourcesBuildPhase section */
		475AD69D2D7531350078C1E0 /* Resources */ = {
			isa = PBXResourcesBuildPhase;
			buildActionMask = 2147483647;
			files = (
			);
			runOnlyForDeploymentPostprocessing = 0;
		};
		475AD6AD2D7531360078C1E0 /* Resources */ = {
			isa = PBXResourcesBuildPhase;
			buildActionMask = 2147483647;
			files = (
			);
			runOnlyForDeploymentPostprocessing = 0;
		};
		475AD6B72D7531360078C1E0 /* Resources */ = {
			isa = PBXResourcesBuildPhase;
			buildActionMask = 2147483647;
			files = (
			);
			runOnlyForDeploymentPostprocessing = 0;
		};
/* End PBXResourcesBuildPhase section */

/* Begin PBXSourcesBuildPhase section */
		475AD69B2D7531350078C1E0 /* Sources */ = {
			isa = PBXSourcesBuildPhase;
			buildActionMask = 2147483647;
			files = (
			);
			runOnlyForDeploymentPostprocessing = 0;
		};
		475AD6AB2D7531360078C1E0 /* Sources */ = {
			isa = PBXSourcesBuildPhase;
			buildActionMask = 2147483647;
			files = (
			);
			runOnlyForDeploymentPostprocessing = 0;
		};
		475AD6B52D7531360078C1E0 /* Sources */ = {
			isa = PBXSourcesBuildPhase;
			buildActionMask = 2147483647;
			files = (
			);
			runOnlyForDeploymentPostprocessing = 0;
		};
/* End PBXSourcesBuildPhase section */

/* Begin PBXTargetDependency section */
		475AD6B12D7531360078C1E0 /* PBXTargetDependency */ = {
			isa = PBXTargetDependency;
			target = 475AD69E2D7531350078C1E0 /* swift-test-proj */;
			targetProxy = 475AD6B02D7531360078C1E0 /* PBXContainerItemProxy */;
		};
		475AD6BB2D7531360078C1E0 /* PBXTargetDependency */ = {
			isa = PBXTargetDependency;
			target = 475AD69E2D7531350078C1E0 /* swift-test-proj */;
			targetProxy = 475AD6BA2D7531360078C1E0 /* PBXContainerItemProxy */;
		};
/* End PBXTargetDependency section */

/* Begin XCBuildConfiguration section */
		475AD6C12D7531360078C1E0 /* Debug */ = {
			isa = XCBuildConfiguration;
			buildSettings = {
				ALWAYS_SEARCH_USER_PATHS = NO;
				ASSETCATALOG_COMPILER_GENERATE_SWIFT_ASSET_SYMBOL_EXTENSIONS = YES;
				CLANG_ANALYZER_NONNULL = YES;
				CLANG_ANALYZER_NUMBER_OBJECT_CONVERSION = YES_AGGRESSIVE;
				CLANG_CXX_LANGUAGE_STANDARD = "gnu++20";
				CLANG_ENABLE_MODULES = YES;
				CLANG_ENABLE_OBJC_ARC = YES;
				CLANG_ENABLE_OBJC_WEAK = YES;
				CLANG_WARN_BLOCK_CAPTURE_AUTORELEASING = YES;
				CLANG_WARN_BOOL_CONVERSION = YES;
				CLANG_WARN_COMMA = YES;
				CLANG_WARN_CONSTANT_CONVERSION = YES;
				CLANG_WARN_DEPRECATED_OBJC_IMPLEMENTATIONS = YES;
				CLANG_WARN_DIRECT_OBJC_ISA_USAGE = YES_ERROR;
				CLANG_WARN_DOCUMENTATION_COMMENTS = YES;
				CLANG_WARN_EMPTY_BODY = YES;
				CLANG_WARN_ENUM_CONVERSION = YES;
				CLANG_WARN_INFINITE_RECURSION = YES;
				CLANG_WARN_INT_CONVERSION = YES;
				CLANG_WARN_NON_LITERAL_NULL_CONVERSION = YES;
				CLANG_WARN_OBJC_IMPLICIT_RETAIN_SELF = YES;
				CLANG_WARN_OBJC_LITERAL_CONVERSION = YES;
				CLANG_WARN_OBJC_ROOT_CLASS = YES_ERROR;
				CLANG_WARN_QUOTED_INCLUDE_IN_FRAMEWORK_HEADER = YES;
				CLANG_WARN_RANGE_LOOP_ANALYSIS = YES;
				CLANG_WARN_STRICT_PROTOTYPES = YES;
				CLANG_WARN_SUSPICIOUS_MOVE = YES;
				CLANG_WARN_UNGUARDED_AVAILABILITY = YES_AGGRESSIVE;
				CLANG_WARN_UNREACHABLE_CODE = YES;
				CLANG_WARN__DUPLICATE_METHOD_MATCH = YES;
				COPY_PHASE_STRIP = NO;
				DEBUG_INFORMATION_FORMAT = dwarf;
				ENABLE_STRICT_OBJC_MSGSEND = YES;
				ENABLE_TESTABILITY = YES;
				ENABLE_USER_SCRIPT_SANDBOXING = YES;
				GCC_C_LANGUAGE_STANDARD = gnu17;
				GCC_DYNAMIC_NO_PIC = NO;
				GCC_NO_COMMON_BLOCKS = YES;
				GCC_OPTIMIZATION_LEVEL = 0;
				GCC_PREPROCESSOR_DEFINITIONS = (
					"DEBUG=1",
					"$(inherited)",
				);
				GCC_WARN_64_TO_32_BIT_CONVERSION = YES;
				GCC_WARN_ABOUT_RETURN_TYPE = YES_ERROR;
				GCC_WARN_UNDECLARED_SELECTOR = YES;
				GCC_WARN_UNINITIALIZED_AUTOS = YES_AGGRESSIVE;
				GCC_WARN_UNUSED_FUNCTION = YES;
				GCC_WARN_UNUSED_VARIABLE = YES;
				IPHONEOS_DEPLOYMENT_TARGET = 18.2;
				LOCALIZATION_PREFERS_STRING_CATALOGS = YES;
				MTL_ENABLE_DEBUG_INFO = INCLUDE_SOURCE;
				MTL_FAST_MATH = YES;
				ONLY_ACTIVE_ARCH = YES;
				SDKROOT = iphoneos;
				SWIFT_ACTIVE_COMPILATION_CONDITIONS = "DEBUG $(inherited)";
				SWIFT_OPTIMIZATION_LEVEL = "-Onone";
			};
			name = Debug;
		};
		475AD6C22D7531360078C1E0 /* Release */ = {
			isa = XCBuildConfiguration;
			buildSettings = {
				ALWAYS_SEARCH_USER_PATHS = NO;
				ASSETCATALOG_COMPILER_GENERATE_SWIFT_ASSET_SYMBOL_EXTENSIONS = YES;
				CLANG_ANALYZER_NONNULL = YES;
				CLANG_ANALYZER_NUMBER_OBJECT_CONVERSION = YES_AGGRESSIVE;
				CLANG_CXX_LANGUAGE_STANDARD = "gnu++20";
				CLANG_ENABLE_MODULES = YES;
				CLANG_ENABLE_OBJC_ARC = YES;
				CLANG_ENABLE_OBJC_WEAK = YES;
				CLANG_WARN_BLOCK_CAPTURE_AUTORELEASING = YES;
				CLANG_WARN_BOOL_CONVERSION = YES;
				CLANG_WARN_COMMA = YES;
				CLANG_WARN_CONSTANT_CONVERSION = YES;
				CLANG_WARN_DEPRECATED_OBJC_IMPLEMENTATIONS = YES;
				CLANG_WARN_DIRECT_OBJC_ISA_USAGE = YES_ERROR;
				CLANG_WARN_DOCUMENTATION_COMMENTS = YES;
				CLANG_WARN_EMPTY_BODY = YES;
				CLANG_WARN_ENUM_CONVERSION = YES;
				CLANG_WARN_INFINITE_RECURSION = YES;
				CLANG_WARN_INT_CONVERSION = YES;
				CLANG_WARN_NON_LITERAL_NULL_CONVERSION = YES;
				CLANG_WARN_OBJC_IMPLICIT_RETAIN_SELF = YES;
				CLANG_WARN_OBJC_LITERAL_CONVERSION = YES;
				CLANG_WARN_OBJC_ROOT_CLASS = YES_ERROR;
				CLANG_WARN_QUOTED_INCLUDE_IN_FRAMEWORK_HEADER = YES;
				CLANG_WARN_RANGE_LOOP_ANALYSIS = YES;
				CLANG_WARN_STRICT_PROTOTYPES = YES;
				CLANG_WARN_SUSPICIOUS_MOVE = YES;
				CLANG_WARN_UNGUARDED_AVAILABILITY = YES_AGGRESSIVE;
				CLANG_WARN_UNREACHABLE_CODE = YES;
				CLANG_WARN__DUPLICATE_METHOD_MATCH = YES;
				COPY_PHASE_STRIP = NO;
				DEBUG_INFORMATION_FORMAT = "dwarf-with-dsym";
				ENABLE_NS_ASSERTIONS = NO;
				ENABLE_STRICT_OBJC_MSGSEND = YES;
				ENABLE_USER_SCRIPT_SANDBOXING = YES;
				GCC_C_LANGUAGE_STANDARD = gnu17;
				GCC_NO_COMMON_BLOCKS = YES;
				GCC_WARN_64_TO_32_BIT_CONVERSION = YES;
				GCC_WARN_ABOUT_RETURN_TYPE = YES_ERROR;
				GCC_WARN_UNDECLARED_SELECTOR = YES;
				GCC_WARN_UNINITIALIZED_AUTOS = YES_AGGRESSIVE;
				GCC_WARN_UNUSED_FUNCTION = YES;
				GCC_WARN_UNUSED_VARIABLE = YES;
				IPHONEOS_DEPLOYMENT_TARGET = 18.2;
				LOCALIZATION_PREFERS_STRING_CATALOGS = YES;
				MTL_ENABLE_DEBUG_INFO = NO;
				MTL_FAST_MATH = YES;
				SDKROOT = iphoneos;
				SWIFT_COMPILATION_MODE = wholemodule;
				VALIDATE_PRODUCT = YES;
			};
			name = Release;
		};
		475AD6C42D7531360078C1E0 /* Debug */ = {
			isa = XCBuildConfiguration;
			buildSettings = {
				ASSETCATALOG_COMPILER_APPICON_NAME = AppIcon;
				ASSETCATALOG_COMPILER_GLOBAL_ACCENT_COLOR_NAME = AccentColor;
				CODE_SIGN_STYLE = Automatic;
				CURRENT_PROJECT_VERSION = 1;
				DEVELOPMENT_ASSET_PATHS = "\"swift-test-proj/Preview Content\"";
				DEVELOPMENT_TEAM = 2STFPUYJ27;
				ENABLE_PREVIEWS = YES;
				GENERATE_INFOPLIST_FILE = YES;
				INFOPLIST_KEY_UIApplicationSceneManifest_Generation = YES;
				INFOPLIST_KEY_UIApplicationSupportsIndirectInputEvents = YES;
				INFOPLIST_KEY_UILaunchScreen_Generation = YES;
				INFOPLIST_KEY_UISupportedInterfaceOrientations_iPad = "UIInterfaceOrientationPortrait UIInterfaceOrientationPortraitUpsideDown UIInterfaceOrientationLandscapeLeft UIInterfaceOrientationLandscapeRight";
				INFOPLIST_KEY_UISupportedInterfaceOrientations_iPhone = "UIInterfaceOrientationPortrait UIInterfaceOrientationLandscapeLeft UIInterfaceOrientationLandscapeRight";
				LD_RUNPATH_SEARCH_PATHS = (
					"$(inherited)",
					"@executable_path/Frameworks",
				);
				MARKETING_VERSION = 1.0;
				PRODUCT_BUNDLE_IDENTIFIER = "-.swift-test-proj";
				PRODUCT_NAME = "$(TARGET_NAME)";
				SWIFT_EMIT_LOC_STRINGS = YES;
				SWIFT_VERSION = 5.0;
				TARGETED_DEVICE_FAMILY = "1,2";
			};
			name = Debug;
		};
		475AD6C52D7531360078C1E0 /* Release */ = {
			isa = XCBuildConfiguration;
			buildSettings = {
				ASSETCATALOG_COMPILER_APPICON_NAME = AppIcon;
				ASSETCATALOG_COMPILER_GLOBAL_ACCENT_COLOR_NAME = AccentColor;
				CODE_SIGN_STYLE = Automatic;
				CURRENT_PROJECT_VERSION = 1;
				DEVELOPMENT_ASSET_PATHS = "\"swift-test-proj/Preview Content\"";
				DEVELOPMENT_TEAM = 2STFPUYJ27;
				ENABLE_PREVIEWS = YES;
				GENERATE_INFOPLIST_FILE = YES;
				INFOPLIST_KEY_UIApplicationSceneManifest_Generation = YES;
				INFOPLIST_KEY_UIApplicationSupportsIndirectInputEvents = YES;
				INFOPLIST_KEY_UILaunchScreen_Generation = YES;
				INFOPLIST_KEY_UISupportedInterfaceOrientations_iPad = "UIInterfaceOrientationPortrait UIInterfaceOrientationPortraitUpsideDown UIInterfaceOrientationLandscapeLeft UIInterfaceOrientationLandscapeRight";
				INFOPLIST_KEY_UISupportedInterfaceOrientations_iPhone = "UIInterfaceOrientationPortrait UIInterfaceOrientationLandscapeLeft UIInterfaceOrientationLandscapeRight";
				LD_RUNPATH_SEARCH_PATHS = (
					"$(inherited)",
					"@executable_path/Frameworks",
				);
				MARKETING_VERSION = 1.0;
				PRODUCT_BUNDLE_IDENTIFIER = "-.swift-test-proj";
				PRODUCT_NAME = "$(TARGET_NAME)";
				SWIFT_EMIT_LOC_STRINGS = YES;
				SWIFT_VERSION = 5.0;
				TARGETED_DEVICE_FAMILY = "1,2";
			};
			name = Release;
		};
		475AD6C72D7531360078C1E0 /* Debug */ = {
			isa = XCBuildConfiguration;
			buildSettings = {
				BUNDLE_LOADER = "$(TEST_HOST)";
				CODE_SIGN_STYLE = Automatic;
				CURRENT_PROJECT_VERSION = 1;
				DEVELOPMENT_TEAM = 2STFPUYJ27;
				GENERATE_INFOPLIST_FILE = YES;
				IPHONEOS_DEPLOYMENT_TARGET = 18.2;
				MARKETING_VERSION = 1.0;
				PRODUCT_BUNDLE_IDENTIFIER = "-.swift-test-projTests";
				PRODUCT_NAME = "$(TARGET_NAME)";
				SWIFT_EMIT_LOC_STRINGS = NO;
				SWIFT_VERSION = 5.0;
				TARGETED_DEVICE_FAMILY = "1,2";
				TEST_HOST = "$(BUILT_PRODUCTS_DIR)/swift-test-proj.app/$(BUNDLE_EXECUTABLE_FOLDER_PATH)/swift-test-proj";
			};
			name = Debug;
		};
		475AD6C82D7531360078C1E0 /* Release */ = {
			isa = XCBuildConfiguration;
			buildSettings = {
				BUNDLE_LOADER = "$(TEST_HOST)";
				CODE_SIGN_STYLE = Automatic;
				CURRENT_PROJECT_VERSION = 1;
				DEVELOPMENT_TEAM = 2STFPUYJ27;
				GENERATE_INFOPLIST_FILE = YES;
				IPHONEOS_DEPLOYMENT_TARGET = 18.2;
				MARKETING_VERSION = 1.0;
				PRODUCT_BUNDLE_IDENTIFIER = "-.swift-test-projTests";
				PRODUCT_NAME = "$(TARGET_NAME)";
				SWIFT_EMIT_LOC_STRINGS = NO;
				SWIFT_VERSION = 5.0;
				TARGETED_DEVICE_FAMILY = "1,2";
				TEST_HOST = "$(BUILT_PRODUCTS_DIR)/swift-test-proj.app/$(BUNDLE_EXECUTABLE_FOLDER_PATH)/swift-test-proj";
			};
			name = Release;
		};
		475AD6CA2D7531360078C1E0 /* Debug */ = {
			isa = XCBuildConfiguration;
			buildSettings = {
				CODE_SIGN_STYLE = Automatic;
				CURRENT_PROJECT_VERSION = 1;
				DEVELOPMENT_TEAM = 2STFPUYJ27;
				GENERATE_INFOPLIST_FILE = YES;
				MARKETING_VERSION = 1.0;
				PRODUCT_BUNDLE_IDENTIFIER = "-.swift-test-projUITests";
				PRODUCT_NAME = "$(TARGET_NAME)";
				SWIFT_EMIT_LOC_STRINGS = NO;
				SWIFT_VERSION = 5.0;
				TARGETED_DEVICE_FAMILY = "1,2";
				TEST_TARGET_NAME = "swift-test-proj";
			};
			name = Debug;
		};
		475AD6CB2D7531360078C1E0 /* Release */ = {
			isa = XCBuildConfiguration;
			buildSettings = {
				CODE_SIGN_STYLE = Automatic;
				CURRENT_PROJECT_VERSION = 1;
				DEVELOPMENT_TEAM = 2STFPUYJ27;
				GENERATE_INFOPLIST_FILE = YES;
				MARKETING_VERSION = 1.0;
				PRODUCT_BUNDLE_IDENTIFIER = "-.swift-test-projUITests";
				PRODUCT_NAME = "$(TARGET_NAME)";
				SWIFT_EMIT_LOC_STRINGS = NO;
				SWIFT_VERSION = 5.0;
				TARGETED_DEVICE_FAMILY = "1,2";
				TEST_TARGET_NAME = "swift-test-proj";
			};
			name = Release;
		};
/* End XCBuildConfiguration section */

/* Begin XCConfigurationList section */
		475AD69A2D7531350078C1E0 /* Build configuration list for PBXProject "swift-test-proj" */ = {
			isa = XCConfigurationList;
			buildConfigurations = (
				475AD6C12D7531360078C1E0 /* Debug */,
				475AD6C22D7531360078C1E0 /* Release */,
			);
			defaultConfigurationIsVisible = 0;
			defaultConfigurationName = Release;
		};
		475AD6C32D7531360078C1E0 /* Build configuration list for PBXNativeTarget "swift-test-proj" */ = {
			isa = XCConfigurationList;
			buildConfigurations = (
				475AD6C42D7531360078C1E0 /* Debug */,
				475AD6C52D7531360078C1E0 /* Release */,
			);
			defaultConfigurationIsVisible = 0;
			defaultConfigurationName = Release;
		};
		475AD6C62D7531360078C1E0 /* Build configuration list for PBXNativeTarget "swift-test-projTests" */ = {
			isa = XCConfigurationList;
			buildConfigurations = (
				475AD6C72D7531360078C1E0 /* Debug */,
				475AD6C82D7531360078C1E0 /* Release */,
			);
			defaultConfigurationIsVisible = 0;
			defaultConfigurationName = Release;
		};
		475AD6C92D7531360078C1E0 /* Build configuration list for PBXNativeTarget "swift-test-projUITests" */ = {
			isa = XCConfigurationList;
			buildConfigurations = (
				475AD6CA2D7531360078C1E0 /* Debug */,
				475AD6CB2D7531360078C1E0 /* Release */,
			);
			defaultConfigurationIsVisible = 0;
			defaultConfigurationName = Release;
		};
/* End XCConfigurationList section */
	};
	rootObject = 475AD6972D7531350078C1E0 /* Project object */;
}
